
Microsoft Visual Studio Solution File, Format Version 12.00
# Visual Studio Version 17
VisualStudioVersion = 17.2.32630.192
MinimumVisualStudioVersion = 10.0.40219.1
Project("{FAE04EC0-301F-11D3-BF4B-00C04F79EFBC}") = "Задание 3.4", "Задание 3.4.csproj", "{AE87F90B-F946-458A-A993-ED187F6DE4C6}"
EndProject
Global
	GlobalSection(SolutionConfigurationPlatforms) = preSolution
		Debug|Any CPU = Debug|Any CPU
		Release|Any CPU = Release|Any CPU
	EndGlobalSection
	GlobalSection(ProjectConfigurationPlatforms) = postSolution
		{AE87F90B-F946-458A-A993-ED187F6DE4C6}.Debug|Any CPU.ActiveCfg = Debug|Any CPU
		{AE87F90B-F946-458A-A993-ED187F6DE4C6}.Debug|Any CPU.Build.0 = Debug|Any CPU
		{AE87F90B-F946-458A-A993-ED187F6DE4C6}.Release|Any CPU.ActiveCfg = Release|Any CPU
		{AE87F90B-F946-458A-A993-ED187F6DE4C6}.Release|Any CPU.Build.0 = Release|Any CPU
	EndGlobalSection
	GlobalSection(SolutionProperties) = preSolution
		HideSolutionNode = FALSE
	EndGlobalSection
	GlobalSection(ExtensibilityGlobals) = postSolution
		SolutionGuid = {C98533C4-41F0-4E2F-B65A-507817FF850A}
	EndGlobalSection
EndGlobal
